
Microsoft Visual Studio Solution File, Format Version 12.00
# Visual Studio Version 17
VisualStudioVersion = 17.10.35027.167
MinimumVisualStudioVersion = 10.0.40219.1
Project("{9A19103F-16F7-4668-BE54-9A1E7A4F7556}") = "MyMessagerWork", "MyMessangerWork\MyMessagerWork.csproj", "{03092E4E-97FD-4159-92F8-3853B5BB29D4}"
EndProject
Project("{9A19103F-16F7-4668-BE54-9A1E7A4F7556}") = "MyMessagerWork.DataAcess", "MyMessagerWork.DataAcess\MyMessagerWork.DataAcess.csproj", "{FDA75940-AFAF-4A17-995B-C78DB5A22A17}"
EndProject
Project("{9A19103F-16F7-4668-BE54-9A1E7A4F7556}") = "MyMessagerWork.Core", "MyMessagerWork.Core\MyMessagerWork.Core.csproj", "{80358506-62BB-47FA-BF28-6E728C50152C}"
EndProject
Project("{9A19103F-16F7-4668-BE54-9A1E7A4F7556}") = "MyMessagerWork.Application", "MyMessagerWork.Application\MyMessagerWork.Application.csproj", "{C168F6FA-1D01-486C-9525-74125EE616DF}"
EndProject
Project("{FAE04EC0-301F-11D3-BF4B-00C04F79EFBC}") = "MyMessagerWork.Infrastructure", "MyMessagerWork.Infrastructure\MyMessagerWork.Infrastructure.csproj", "{594F1CF0-FBBE-4339-B7B5-C3932D8BD1B6}"
EndProject
Global
	GlobalSection(SolutionConfigurationPlatforms) = preSolution
		Debug|Any CPU = Debug|Any CPU
		Release|Any CPU = Release|Any CPU
	EndGlobalSection
	GlobalSection(ProjectConfigurationPlatforms) = postSolution
		{03092E4E-97FD-4159-92F8-3853B5BB29D4}.Debug|Any CPU.ActiveCfg = Debug|Any CPU
		{03092E4E-97FD-4159-92F8-3853B5BB29D4}.Debug|Any CPU.Build.0 = Debug|Any CPU
		{03092E4E-97FD-4159-92F8-3853B5BB29D4}.Release|Any CPU.ActiveCfg = Release|Any CPU
		{03092E4E-97FD-4159-92F8-3853B5BB29D4}.Release|Any CPU.Build.0 = Release|Any CPU
		{FDA75940-AFAF-4A17-995B-C78DB5A22A17}.Debug|Any CPU.ActiveCfg = Debug|Any CPU
		{FDA75940-AFAF-4A17-995B-C78DB5A22A17}.Debug|Any CPU.Build.0 = Debug|Any CPU
		{FDA75940-AFAF-4A17-995B-C78DB5A22A17}.Release|Any CPU.ActiveCfg = Release|Any CPU
		{FDA75940-AFAF-4A17-995B-C78DB5A22A17}.Release|Any CPU.Build.0 = Release|Any CPU
		{80358506-62BB-47FA-BF28-6E728C50152C}.Debug|Any CPU.ActiveCfg = Debug|Any CPU
		{80358506-62BB-47FA-BF28-6E728C50152C}.Debug|Any CPU.Build.0 = Debug|Any CPU
		{80358506-62BB-47FA-BF28-6E728C50152C}.Release|Any CPU.ActiveCfg = Release|Any CPU
		{80358506-62BB-47FA-BF28-6E728C50152C}.Release|Any CPU.Build.0 = Release|Any CPU
		{C168F6FA-1D01-486C-9525-74125EE616DF}.Debug|Any CPU.ActiveCfg = Debug|Any CPU
		{C168F6FA-1D01-486C-9525-74125EE616DF}.Debug|Any CPU.Build.0 = Debug|Any CPU
		{C168F6FA-1D01-486C-9525-74125EE616DF}.Release|Any CPU.ActiveCfg = Release|Any CPU
		{C168F6FA-1D01-486C-9525-74125EE616DF}.Release|Any CPU.Build.0 = Release|Any CPU
		{594F1CF0-FBBE-4339-B7B5-C3932D8BD1B6}.Debug|Any CPU.ActiveCfg = Debug|Any CPU
		{594F1CF0-FBBE-4339-B7B5-C3932D8BD1B6}.Debug|Any CPU.Build.0 = Debug|Any CPU
		{594F1CF0-FBBE-4339-B7B5-C3932D8BD1B6}.Release|Any CPU.ActiveCfg = Release|Any CPU
		{594F1CF0-FBBE-4339-B7B5-C3932D8BD1B6}.Release|Any CPU.Build.0 = Release|Any CPU
	EndGlobalSection
	GlobalSection(SolutionProperties) = preSolution
		HideSolutionNode = FALSE
	EndGlobalSection
	GlobalSection(ExtensibilityGlobals) = postSolution
		SolutionGuid = {1AF6D493-B05A-41A9-80CC-E4C110C528AC}
	EndGlobalSection
EndGlobal
